
Microsoft Visual Studio Solution File, Format Version 12.00
# Visual Studio Version 17
VisualStudioVersion = 17.7.34018.315
MinimumVisualStudioVersion = 10.0.40219.1
Project("{9A19103F-16F7-4668-BE54-9A1E7A4F7556}") = "WebApi", "src\WebApi\WebApi.csproj", "{8A91CDFD-169D-47F3-BDE1-56B7126521CD}"
EndProject
Project("{FAE04EC0-301F-11D3-BF4B-00C04F79EFBC}") = "UnitTests", "test\UnitTests\UnitTests.csproj", "{7EEF5016-C2AE-46C3-BE7A-9156EFCC34DA}"
EndProject
Global
	GlobalSection(SolutionConfigurationPlatforms) = preSolution
		Debug|Any CPU = Debug|Any CPU
		Release|Any CPU = Release|Any CPU
	EndGlobalSection
	GlobalSection(ProjectConfigurationPlatforms) = postSolution
		{8A91CDFD-169D-47F3-BDE1-56B7126521CD}.Debug|Any CPU.ActiveCfg = Debug|Any CPU
		{8A91CDFD-169D-47F3-BDE1-56B7126521CD}.Debug|Any CPU.Build.0 = Debug|Any CPU
		{8A91CDFD-169D-47F3-BDE1-56B7126521CD}.Release|Any CPU.ActiveCfg = Release|Any CPU
		{8A91CDFD-169D-47F3-BDE1-56B7126521CD}.Release|Any CPU.Build.0 = Release|Any CPU
		{7EEF5016-C2AE-46C3-BE7A-9156EFCC34DA}.Debug|Any CPU.ActiveCfg = Debug|Any CPU
		{7EEF5016-C2AE-46C3-BE7A-9156EFCC34DA}.Debug|Any CPU.Build.0 = Debug|Any CPU
		{7EEF5016-C2AE-46C3-BE7A-9156EFCC34DA}.Release|Any CPU.ActiveCfg = Release|Any CPU
		{7EEF5016-C2AE-46C3-BE7A-9156EFCC34DA}.Release|Any CPU.Build.0 = Release|Any CPU
	EndGlobalSection
	GlobalSection(SolutionProperties) = preSolution
		HideSolutionNode = FALSE
	EndGlobalSection
	GlobalSection(ExtensibilityGlobals) = postSolution
		SolutionGuid = {99EC5DA5-233F-46FB-BA65-E48924BE3B62}
	EndGlobalSection
EndGlobal
